
Microsoft Visual Studio Solution File, Format Version 11.00
# Visual Studio 2010
Project("{FAE04EC0-301F-11D3-BF4B-00C04F79EFBC}") = "ChromeBrowser", "ChromeBrowser\ChromeBrowser.csproj", "{DFD2ABE5-39F3-476E-B809-29BB36A74CFF}"
EndProject
Global
	GlobalSection(SolutionConfigurationPlatforms) = preSolution
		Debug|x86 = Debug|x86
		Release|x86 = Release|x86
	EndGlobalSection
	GlobalSection(ProjectConfigurationPlatforms) = postSolution
		{DFD2ABE5-39F3-476E-B809-29BB36A74CFF}.Debug|x86.ActiveCfg = Debug|x86
		{DFD2ABE5-39F3-476E-B809-29BB36A74CFF}.Debug|x86.Build.0 = Debug|x86
		{DFD2ABE5-39F3-476E-B809-29BB36A74CFF}.Release|x86.ActiveCfg = Release|x86
		{DFD2ABE5-39F3-476E-B809-29BB36A74CFF}.Release|x86.Build.0 = Release|x86
	EndGlobalSection
	GlobalSection(SolutionProperties) = preSolution
		HideSolutionNode = FALSE
	EndGlobalSection
EndGlobal
